
Microsoft Visual Studio Solution File, Format Version 12.00
# Visual Studio 2012
Project("{FAE04EC0-301F-11D3-BF4B-00C04F79EFBC}") = "UseCar", "UseCar\UseCar.csproj", "{0DE6CCFE-10F3-4082-B721-BB97B55780E0}"
EndProject
Project("{2150E333-8FDC-42A3-9474-1A3956D46DE8}") = "Solution Items", "Solution Items", "{BE4D9526-FCC7-47C3-ACC6-E31D1BAD2663}"
EndProject
Global
	GlobalSection(SolutionConfigurationPlatforms) = preSolution
		Debug|Any CPU = Debug|Any CPU
		Release|Any CPU = Release|Any CPU
	EndGlobalSection
	GlobalSection(ProjectConfigurationPlatforms) = postSolution
		{0DE6CCFE-10F3-4082-B721-BB97B55780E0}.Debug|Any CPU.ActiveCfg = Debug|Any CPU
		{0DE6CCFE-10F3-4082-B721-BB97B55780E0}.Debug|Any CPU.Build.0 = Debug|Any CPU
		{0DE6CCFE-10F3-4082-B721-BB97B55780E0}.Release|Any CPU.ActiveCfg = Release|Any CPU
		{0DE6CCFE-10F3-4082-B721-BB97B55780E0}.Release|Any CPU.Build.0 = Release|Any CPU
	EndGlobalSection
	GlobalSection(SolutionProperties) = preSolution
		HideSolutionNode = FALSE
	EndGlobalSection
EndGlobal
